
Microsoft Visual Studio Solution File, Format Version 12.00
# Visual Studio 15
VisualStudioVersion = 15.0.28307.421
MinimumVisualStudioVersion = 10.0.40219.1
Project("{FAE04EC0-301F-11D3-BF4B-00C04F79EFBC}") = "Game", "Game\Game.csproj", "{E29B42DE-EF3E-4C76-8407-5B5159701521}"
EndProject
Global
	GlobalSection(SolutionConfigurationPlatforms) = preSolution
		Debug|Any CPU = Debug|Any CPU
		Release|Any CPU = Release|Any CPU
	EndGlobalSection
	GlobalSection(ProjectConfigurationPlatforms) = postSolution
		{E29B42DE-EF3E-4C76-8407-5B5159701521}.Debug|Any CPU.ActiveCfg = Debug|Any CPU
		{E29B42DE-EF3E-4C76-8407-5B5159701521}.Debug|Any CPU.Build.0 = Debug|Any CPU
		{E29B42DE-EF3E-4C76-8407-5B5159701521}.Release|Any CPU.ActiveCfg = Release|Any CPU
		{E29B42DE-EF3E-4C76-8407-5B5159701521}.Release|Any CPU.Build.0 = Release|Any CPU
	EndGlobalSection
	GlobalSection(SolutionProperties) = preSolution
		HideSolutionNode = FALSE
	EndGlobalSection
	GlobalSection(ExtensibilityGlobals) = postSolution
		SolutionGuid = {62FF0AD7-4D79-4C7B-9DC4-77D89F64F82C}
	EndGlobalSection
EndGlobal
